// !$*UTF8*$!
{
	archiveVersion = 1;
	classes = {
	};
	objectVersion = 46;
	objects = {

/* Begin PBXBuildFile section */
		A2088B3E1D3C6EC200C73446 /* PublicMethod.m in Sources */ = {isa = PBXBuildFile; fileRef = A2088B3D1D3C6EC200C73446 /* PublicMethod.m */; };
		A2088B421D3CA39100C73446 /* MessageTableViewCell.m in Sources */ = {isa = PBXBuildFile; fileRef = A2088B411D3CA39100C73446 /* MessageTableViewCell.m */; };
		A2088B451D3CACFA00C73446 /* MessageModel.m in Sources */ = {isa = PBXBuildFile; fileRef = A2088B441D3CACFA00C73446 /* MessageModel.m */; };
		A21B628D1D3891B300F0E727 /* face.plist in Resources */ = {isa = PBXBuildFile; fileRef = A21B628C1D3891B300F0E727 /* face.plist */; };
		A21B62901D3893ED00F0E727 /* FaceViewModel.m in Sources */ = {isa = PBXBuildFile; fileRef = A21B628F1D3893ED00F0E727 /* FaceViewModel.m */; };
		A21B62931D38D9BD00F0E727 /* WeChatListModel.m in Sources */ = {isa = PBXBuildFile; fileRef = A21B62921D38D9BD00F0E727 /* WeChatListModel.m */; };
		A21B62971D38DA1700F0E727 /* WeChatTableViewCell.m in Sources */ = {isa = PBXBuildFile; fileRef = A21B62951D38DA1700F0E727 /* WeChatTableViewCell.m */; };
		A21B62981D38DA1700F0E727 /* WeChatTableViewCell.xib in Resources */ = {isa = PBXBuildFile; fileRef = A21B62961D38DA1700F0E727 /* WeChatTableViewCell.xib */; };
		A24695301D34E77D00E32C30 /* ChatDetailViewController.m in Sources */ = {isa = PBXBuildFile; fileRef = A246952F1D34E77D00E32C30 /* ChatDetailViewController.m */; };
		A24695331D34EA7600E32C30 /* JPKeyBoardToolView.m in Sources */ = {isa = PBXBuildFile; fileRef = A24695321D34EA7600E32C30 /* JPKeyBoardToolView.m */; };
		A297B7071D2F8E14003C9276 /* main.m in Sources */ = {isa = PBXBuildFile; fileRef = A297B7061D2F8E14003C9276 /* main.m */; };
		A297B70A1D2F8E14003C9276 /* AppDelegate.m in Sources */ = {isa = PBXBuildFile; fileRef = A297B7091D2F8E14003C9276 /* AppDelegate.m */; };
		A297B7121D2F8E14003C9276 /* Assets.xcassets in Resources */ = {isa = PBXBuildFile; fileRef = A297B7111D2F8E14003C9276 /* Assets.xcassets */; };
		A297B7151D2F8E14003C9276 /* LaunchScreen.storyboard in Resources */ = {isa = PBXBuildFile; fileRef = A297B7131D2F8E14003C9276 /* LaunchScreen.storyboard */; };
		A297B7201D2F8E15003C9276 /* WeChat_DTests.m in Sources */ = {isa = PBXBuildFile; fileRef = A297B71F1D2F8E15003C9276 /* WeChat_DTests.m */; };
		A297B72B1D2F8E15003C9276 /* WeChat_DUITests.m in Sources */ = {isa = PBXBuildFile; fileRef = A297B72A1D2F8E15003C9276 /* WeChat_DUITests.m */; };
		A297B7581D2F8E5A003C9276 /* UIColor+Extension.m in Sources */ = {isa = PBXBuildFile; fileRef = A297B73A1D2F8E5A003C9276 /* UIColor+Extension.m */; };
		A297B7591D2F8E5A003C9276 /* UIView+Toast.m in Sources */ = {isa = PBXBuildFile; fileRef = A297B73C1D2F8E5A003C9276 /* UIView+Toast.m */; };
		A297B75A1D2F8E5A003C9276 /* ContactsViewController.m in Sources */ = {isa = PBXBuildFile; fileRef = A297B7401D2F8E5A003C9276 /* ContactsViewController.m */; };
		A297B75B1D2F8E5A003C9276 /* MineViewController.m in Sources */ = {isa = PBXBuildFile; fileRef = A297B7461D2F8E5A003C9276 /* MineViewController.m */; };
		A297B75C1D2F8E5A003C9276 /* DiscoverViewController.m in Sources */ = {isa = PBXBuildFile; fileRef = A297B74C1D2F8E5A003C9276 /* DiscoverViewController.m */; };
		A297B75D1D2F8E5A003C9276 /* MainTabbarController.m in Sources */ = {isa = PBXBuildFile; fileRef = A297B7511D2F8E5A003C9276 /* MainTabbarController.m */; };
		A297B75E1D2F8E5A003C9276 /* WeChatViewController.m in Sources */ = {isa = PBXBuildFile; fileRef = A297B7551D2F8E5A003C9276 /* WeChatViewController.m */; };
		A297B7631D2F9622003C9276 /* BaseViewController.m in Sources */ = {isa = PBXBuildFile; fileRef = A297B7621D2F9622003C9276 /* BaseViewController.m */; };
		A297B7751D2FA192003C9276 /* Tabar_mine@2x.png in Resources */ = {isa = PBXBuildFile; fileRef = A297B7691D2FA192003C9276 /* Tabar_mine@2x.png */; };
		A297B7761D2FA192003C9276 /* Tabar_mine@3x.png in Resources */ = {isa = PBXBuildFile; fileRef = A297B76A1D2FA192003C9276 /* Tabar_mine@3x.png */; };
		A297B7771D2FA192003C9276 /* Tabbar_contact@2x.png in Resources */ = {isa = PBXBuildFile; fileRef = A297B76B1D2FA192003C9276 /* Tabbar_contact@2x.png */; };
		A297B7781D2FA192003C9276 /* Tabbar_contact@3x.png in Resources */ = {isa = PBXBuildFile; fileRef = A297B76C1D2FA192003C9276 /* Tabbar_contact@3x.png */; };
		A297B7791D2FA192003C9276 /* Tabbar_contact_select@2x.png in Resources */ = {isa = PBXBuildFile; fileRef = A297B76D1D2FA192003C9276 /* Tabbar_contact_select@2x.png */; };
		A297B77A1D2FA192003C9276 /* Tabbar_contact_select@3x.png in Resources */ = {isa = PBXBuildFile; fileRef = A297B76E1D2FA192003C9276 /* Tabbar_contact_select@3x.png */; };
		A297B77B1D2FA192003C9276 /* Tabbar_mine_select@2x.png in Resources */ = {isa = PBXBuildFile; fileRef = A297B76F1D2FA192003C9276 /* Tabbar_mine_select@2x.png */; };
		A297B77C1D2FA192003C9276 /* Tabbar_mine_select@3x.png in Resources */ = {isa = PBXBuildFile; fileRef = A297B7701D2FA192003C9276 /* Tabbar_mine_select@3x.png */; };
		A297B77D1D2FA192003C9276 /* Tabbar_wechat@2x.png in Resources */ = {isa = PBXBuildFile; fileRef = A297B7711D2FA192003C9276 /* Tabbar_wechat@2x.png */; };
		A297B77E1D2FA192003C9276 /* Tabbar_wechat@3x.png in Resources */ = {isa = PBXBuildFile; fileRef = A297B7721D2FA192003C9276 /* Tabbar_wechat@3x.png */; };
		A297B77F1D2FA192003C9276 /* Tabbar_wechat_select@2x.png in Resources */ = {isa = PBXBuildFile; fileRef = A297B7731D2FA192003C9276 /* Tabbar_wechat_select@2x.png */; };
		A297B7801D2FA192003C9276 /* Tabbar_wechat_select@3x.png in Resources */ = {isa = PBXBuildFile; fileRef = A297B7741D2FA192003C9276 /* Tabbar_wechat_select@3x.png */; };
		A2C435501D3608CF0097ECC1 /* AddMoreView.m in Sources */ = {isa = PBXBuildFile; fileRef = A2C4354F1D3608CF0097ECC1 /* AddMoreView.m */; };
		A2C435531D363AB40097ECC1 /* FaceView.m in Sources */ = {isa = PBXBuildFile; fileRef = A2C435521D363AB40097ECC1 /* FaceView.m */; };
		A2C512BB1D41BB9A00D84829 /* libmp3lame.a in Frameworks */ = {isa = PBXBuildFile; fileRef = A2C512B81D41BB9A00D84829 /* libmp3lame.a */; };
		A2C512BC1D41BB9A00D84829 /* Mp3Recorder.m in Sources */ = {isa = PBXBuildFile; fileRef = A2C512BA1D41BB9A00D84829 /* Mp3Recorder.m */; };
		EEA7B39501F1EDAA38FBFDB0 /* libPods-WeChat_D.a in Frameworks */ = {isa = PBXBuildFile; fileRef = 77912E4F30617DE482F6A3C6 /* libPods-WeChat_D.a */; };
		F53EC6711D3E636900027A24 /* libcrypto.a in Frameworks */ = {isa = PBXBuildFile; fileRef = F53EC66D1D3E636900027A24 /* libcrypto.a */; };
		F53EC6721D3E636900027A24 /* libcurl.a in Frameworks */ = {isa = PBXBuildFile; fileRef = F53EC66E1D3E636900027A24 /* libcurl.a */; };
		F53EC6731D3E636900027A24 /* libssl.a in Frameworks */ = {isa = PBXBuildFile; fileRef = F53EC66F1D3E636900027A24 /* libssl.a */; };
		F53EC6741D3E636900027A24 /* libHyphenateSDK.a in Frameworks */ = {isa = PBXBuildFile; fileRef = F53EC6701D3E636900027A24 /* libHyphenateSDK.a */; };
		F53EC6761D3E63F100027A24 /* CoreMedia.framework in Frameworks */ = {isa = PBXBuildFile; fileRef = F53EC6751D3E63F100027A24 /* CoreMedia.framework */; };
		F53EC6781D3E640400027A24 /* AudioToolbox.framework in Frameworks */ = {isa = PBXBuildFile; fileRef = F53EC6771D3E640400027A24 /* AudioToolbox.framework */; };
		F53EC67A1D3E640C00027A24 /* AVFoundation.framework in Frameworks */ = {isa = PBXBuildFile; fileRef = F53EC6791D3E640C00027A24 /* AVFoundation.framework */; };
		F53EC67C1D3E641300027A24 /* MobileCoreServices.framework in Frameworks */ = {isa = PBXBuildFile; fileRef = F53EC67B1D3E641300027A24 /* MobileCoreServices.framework */; };
		F53EC67E1D3E641B00027A24 /* ImageIO.framework in Frameworks */ = {isa = PBXBuildFile; fileRef = F53EC67D1D3E641B00027A24 /* ImageIO.framework */; };
		F53EC6801D3E642400027A24 /* libc++.tbd in Frameworks */ = {isa = PBXBuildFile; fileRef = F53EC67F1D3E642400027A24 /* libc++.tbd */; };
		F53EC6821D3E642C00027A24 /* libz.tbd in Frameworks */ = {isa = PBXBuildFile; fileRef = F53EC6811D3E642C00027A24 /* libz.tbd */; };
		F53EC6841D3E643400027A24 /* libstdc++.6.0.9.tbd in Frameworks */ = {isa = PBXBuildFile; fileRef = F53EC6831D3E643400027A24 /* libstdc++.6.0.9.tbd */; };
		F53EC6861D3E643C00027A24 /* libsqlite3.tbd in Frameworks */ = {isa = PBXBuildFile; fileRef = F53EC6851D3E643C00027A24 /* libsqlite3.tbd */; };
		F53EC6881D3E644300027A24 /* libiconv.tbd in Frameworks */ = {isa = PBXBuildFile; fileRef = F53EC6871D3E644300027A24 /* libiconv.tbd */; };
		F5CB8B641D3F0533002663F8 /* AddFriendController.m in Sources */ = {isa = PBXBuildFile; fileRef = F5CB8B631D3F0533002663F8 /* AddFriendController.m */; };
		F5CF83DB1D39C3EB000CC9F5 /* LoginViewController.m in Sources */ = {isa = PBXBuildFile; fileRef = F5CF83DA1D39C3EB000CC9F5 /* LoginViewController.m */; };
/* End PBXBuildFile section */

/* Begin PBXContainerItemProxy section */
		A297B71C1D2F8E15003C9276 /* PBXContainerItemProxy */ = {
			isa = PBXContainerItemProxy;
			containerPortal = A297B6FA1D2F8E14003C9276 /* Project object */;
			proxyType = 1;
			remoteGlobalIDString = A297B7011D2F8E14003C9276;
			remoteInfo = WeChat_D;
		};
		A297B7271D2F8E15003C9276 /* PBXContainerItemProxy */ = {
			isa = PBXContainerItemProxy;
			containerPortal = A297B6FA1D2F8E14003C9276 /* Project object */;
			proxyType = 1;
			remoteGlobalIDString = A297B7011D2F8E14003C9276;
			remoteInfo = WeChat_D;
		};
/* End PBXContainerItemProxy section */

/* Begin PBXFileReference section */
		77912E4F30617DE482F6A3C6 /* libPods-WeChat_D.a */ = {isa = PBXFileReference; explicitFileType = archive.ar; includeInIndex = 0; path = "libPods-WeChat_D.a"; sourceTree = BUILT_PRODUCTS_DIR; };
		A2088B3C1D3C6EC200C73446 /* PublicMethod.h */ = {isa = PBXFileReference; fileEncoding = 4; lastKnownFileType = sourcecode.c.h; path = PublicMethod.h; sourceTree = "<group>"; };
		A2088B3D1D3C6EC200C73446 /* PublicMethod.m */ = {isa = PBXFileReference; fileEncoding = 4; lastKnownFileType = sourcecode.c.objc; path = PublicMethod.m; sourceTree = "<group>"; };
		A2088B401D3CA39100C73446 /* MessageTableViewCell.h */ = {isa = PBXFileReference; fileEncoding = 4; lastKnownFileType = sourcecode.c.h; path = MessageTableViewCell.h; sourceTree = "<group>"; };
		A2088B411D3CA39100C73446 /* MessageTableViewCell.m */ = {isa = PBXFileReference; fileEncoding = 4; lastKnownFileType = sourcecode.c.objc; path = MessageTableViewCell.m; sourceTree = "<group>"; };
		A2088B431D3CACFA00C73446 /* MessageModel.h */ = {isa = PBXFileReference; fileEncoding = 4; lastKnownFileType = sourcecode.c.h; path = MessageModel.h; sourceTree = "<group>"; };
		A2088B441D3CACFA00C73446 /* MessageModel.m */ = {isa = PBXFileReference; fileEncoding = 4; lastKnownFileType = sourcecode.c.objc; path = MessageModel.m; sourceTree = "<group>"; };
		A21B628C1D3891B300F0E727 /* face.plist */ = {isa = PBXFileReference; fileEncoding = 4; lastKnownFileType = text.plist.xml; path = face.plist; sourceTree = "<group>"; };
		A21B628E1D3893ED00F0E727 /* FaceViewModel.h */ = {isa = PBXFileReference; fileEncoding = 4; lastKnownFileType = sourcecode.c.h; path = FaceViewModel.h; sourceTree = "<group>"; };
		A21B628F1D3893ED00F0E727 /* FaceViewModel.m */ = {isa = PBXFileReference; fileEncoding = 4; lastKnownFileType = sourcecode.c.objc; path = FaceViewModel.m; sourceTree = "<group>"; };
		A21B62911D38D9BD00F0E727 /* WeChatListModel.h */ = {isa = PBXFileReference; fileEncoding = 4; lastKnownFileType = sourcecode.c.h; path = WeChatListModel.h; sourceTree = "<group>"; };
		A21B62921D38D9BD00F0E727 /* WeChatListModel.m */ = {isa = PBXFileReference; fileEncoding = 4; lastKnownFileType = sourcecode.c.objc; path = WeChatListModel.m; sourceTree = "<group>"; };
		A21B62941D38DA1700F0E727 /* WeChatTableViewCell.h */ = {isa = PBXFileReference; fileEncoding = 4; lastKnownFileType = sourcecode.c.h; path = WeChatTableViewCell.h; sourceTree = "<group>"; };
		A21B62951D38DA1700F0E727 /* WeChatTableViewCell.m */ = {isa = PBXFileReference; fileEncoding = 4; lastKnownFileType = sourcecode.c.objc; path = WeChatTableViewCell.m; sourceTree = "<group>"; };
		A21B62961D38DA1700F0E727 /* WeChatTableViewCell.xib */ = {isa = PBXFileReference; fileEncoding = 4; lastKnownFileType = file.xib; path = WeChatTableViewCell.xib; sourceTree = "<group>"; };
		A246952E1D34E77D00E32C30 /* ChatDetailViewController.h */ = {isa = PBXFileReference; fileEncoding = 4; lastKnownFileType = sourcecode.c.h; path = ChatDetailViewController.h; sourceTree = "<group>"; };
		A246952F1D34E77D00E32C30 /* ChatDetailViewController.m */ = {isa = PBXFileReference; fileEncoding = 4; lastKnownFileType = sourcecode.c.objc; path = ChatDetailViewController.m; sourceTree = "<group>"; };
		A24695311D34EA7600E32C30 /* JPKeyBoardToolView.h */ = {isa = PBXFileReference; fileEncoding = 4; lastKnownFileType = sourcecode.c.h; path = JPKeyBoardToolView.h; sourceTree = "<group>"; };
		A24695321D34EA7600E32C30 /* JPKeyBoardToolView.m */ = {isa = PBXFileReference; fileEncoding = 4; lastKnownFileType = sourcecode.c.objc; path = JPKeyBoardToolView.m; sourceTree = "<group>"; };
		A297B7021D2F8E14003C9276 /* WeChat_D.app */ = {isa = PBXFileReference; explicitFileType = wrapper.application; includeInIndex = 0; path = WeChat_D.app; sourceTree = BUILT_PRODUCTS_DIR; };
		A297B7061D2F8E14003C9276 /* main.m */ = {isa = PBXFileReference; lastKnownFileType = sourcecode.c.objc; path = main.m; sourceTree = "<group>"; };
		A297B7081D2F8E14003C9276 /* AppDelegate.h */ = {isa = PBXFileReference; lastKnownFileType = sourcecode.c.h; path = AppDelegate.h; sourceTree = "<group>"; };
		A297B7091D2F8E14003C9276 /* AppDelegate.m */ = {isa = PBXFileReference; lastKnownFileType = sourcecode.c.objc; path = AppDelegate.m; sourceTree = "<group>"; };
		A297B7111D2F8E14003C9276 /* Assets.xcassets */ = {isa = PBXFileReference; lastKnownFileType = folder.assetcatalog; name = Assets.xcassets; path = ../../Assets.xcassets; sourceTree = "<group>"; };
		A297B7141D2F8E14003C9276 /* Base */ = {isa = PBXFileReference; lastKnownFileType = file.storyboard; name = Base; path = Base.lproj/LaunchScreen.storyboard; sourceTree = "<group>"; };
		A297B7161D2F8E14003C9276 /* Info.plist */ = {isa = PBXFileReference; lastKnownFileType = text.plist.xml; name = Info.plist; path = ../../Info.plist; sourceTree = "<group>"; };
		A297B71B1D2F8E15003C9276 /* WeChat_DTests.xctest */ = {isa = PBXFileReference; explicitFileType = wrapper.cfbundle; includeInIndex = 0; path = WeChat_DTests.xctest; sourceTree = BUILT_PRODUCTS_DIR; };
		A297B71F1D2F8E15003C9276 /* WeChat_DTests.m */ = {isa = PBXFileReference; lastKnownFileType = sourcecode.c.objc; path = WeChat_DTests.m; sourceTree = "<group>"; };
		A297B7211D2F8E15003C9276 /* Info.plist */ = {isa = PBXFileReference; lastKnownFileType = text.plist.xml; path = Info.plist; sourceTree = "<group>"; };
		A297B7261D2F8E15003C9276 /* WeChat_DUITests.xctest */ = {isa = PBXFileReference; explicitFileType = wrapper.cfbundle; includeInIndex = 0; path = WeChat_DUITests.xctest; sourceTree = BUILT_PRODUCTS_DIR; };
		A297B72A1D2F8E15003C9276 /* WeChat_DUITests.m */ = {isa = PBXFileReference; lastKnownFileType = sourcecode.c.objc; path = WeChat_DUITests.m; sourceTree = "<group>"; };
		A297B72C1D2F8E15003C9276 /* Info.plist */ = {isa = PBXFileReference; lastKnownFileType = text.plist.xml; path = Info.plist; sourceTree = "<group>"; };
		A297B7391D2F8E5A003C9276 /* UIColor+Extension.h */ = {isa = PBXFileReference; fileEncoding = 4; lastKnownFileType = sourcecode.c.h; path = "UIColor+Extension.h"; sourceTree = "<group>"; };
		A297B73A1D2F8E5A003C9276 /* UIColor+Extension.m */ = {isa = PBXFileReference; fileEncoding = 4; lastKnownFileType = sourcecode.c.objc; path = "UIColor+Extension.m"; sourceTree = "<group>"; };
		A297B73B1D2F8E5A003C9276 /* UIView+Toast.h */ = {isa = PBXFileReference; fileEncoding = 4; lastKnownFileType = sourcecode.c.h; path = "UIView+Toast.h"; sourceTree = "<group>"; };
		A297B73C1D2F8E5A003C9276 /* UIView+Toast.m */ = {isa = PBXFileReference; fileEncoding = 4; lastKnownFileType = sourcecode.c.objc; path = "UIView+Toast.m"; sourceTree = "<group>"; };
		A297B73F1D2F8E5A003C9276 /* ContactsViewController.h */ = {isa = PBXFileReference; fileEncoding = 4; lastKnownFileType = sourcecode.c.h; path = ContactsViewController.h; sourceTree = "<group>"; };
		A297B7401D2F8E5A003C9276 /* ContactsViewController.m */ = {isa = PBXFileReference; fileEncoding = 4; lastKnownFileType = sourcecode.c.objc; path = ContactsViewController.m; sourceTree = "<group>"; };
		A297B7451D2F8E5A003C9276 /* MineViewController.h */ = {isa = PBXFileReference; fileEncoding = 4; lastKnownFileType = sourcecode.c.h; path = MineViewController.h; sourceTree = "<group>"; };
		A297B7461D2F8E5A003C9276 /* MineViewController.m */ = {isa = PBXFileReference; fileEncoding = 4; lastKnownFileType = sourcecode.c.objc; path = MineViewController.m; sourceTree = "<group>"; };
		A297B74B1D2F8E5A003C9276 /* DiscoverViewController.h */ = {isa = PBXFileReference; fileEncoding = 4; lastKnownFileType = sourcecode.c.h; path = DiscoverViewController.h; sourceTree = "<group>"; };
		A297B74C1D2F8E5A003C9276 /* DiscoverViewController.m */ = {isa = PBXFileReference; fileEncoding = 4; lastKnownFileType = sourcecode.c.objc; path = DiscoverViewController.m; sourceTree = "<group>"; };
		A297B7501D2F8E5A003C9276 /* MainTabbarController.h */ = {isa = PBXFileReference; fileEncoding = 4; lastKnownFileType = sourcecode.c.h; path = MainTabbarController.h; sourceTree = "<group>"; };
		A297B7511D2F8E5A003C9276 /* MainTabbarController.m */ = {isa = PBXFileReference; fileEncoding = 4; lastKnownFileType = sourcecode.c.objc; path = MainTabbarController.m; sourceTree = "<group>"; };
		A297B7541D2F8E5A003C9276 /* WeChatViewController.h */ = {isa = PBXFileReference; fileEncoding = 4; lastKnownFileType = sourcecode.c.h; path = WeChatViewController.h; sourceTree = "<group>"; };
		A297B7551D2F8E5A003C9276 /* WeChatViewController.m */ = {isa = PBXFileReference; fileEncoding = 4; lastKnownFileType = sourcecode.c.objc; path = WeChatViewController.m; sourceTree = "<group>"; };
		A297B7601D2F8E87003C9276 /* WeChatPrefixHeader.pch */ = {isa = PBXFileReference; fileEncoding = 4; lastKnownFileType = sourcecode.c.h; path = WeChatPrefixHeader.pch; sourceTree = "<group>"; };
		A297B7611D2F9622003C9276 /* BaseViewController.h */ = {isa = PBXFileReference; fileEncoding = 4; lastKnownFileType = sourcecode.c.h; path = BaseViewController.h; sourceTree = "<group>"; };
		A297B7621D2F9622003C9276 /* BaseViewController.m */ = {isa = PBXFileReference; fileEncoding = 4; lastKnownFileType = sourcecode.c.objc; path = BaseViewController.m; sourceTree = "<group>"; };
		A297B7651D2F97FA003C9276 /* PrefixHeader.pch */ = {isa = PBXFileReference; fileEncoding = 4; lastKnownFileType = sourcecode.c.h; path = PrefixHeader.pch; sourceTree = "<group>"; };
		A297B7661D2FA044003C9276 /* DefineHeader.h */ = {isa = PBXFileReference; fileEncoding = 4; lastKnownFileType = sourcecode.c.h; path = DefineHeader.h; sourceTree = "<group>"; };
		A297B7691D2FA192003C9276 /* Tabar_mine@2x.png */ = {isa = PBXFileReference; lastKnownFileType = image.png; path = "Tabar_mine@2x.png"; sourceTree = "<group>"; };
		A297B76A1D2FA192003C9276 /* Tabar_mine@3x.png */ = {isa = PBXFileReference; lastKnownFileType = image.png; path = "Tabar_mine@3x.png"; sourceTree = "<group>"; };
		A297B76B1D2FA192003C9276 /* Tabbar_contact@2x.png */ = {isa = PBXFileReference; lastKnownFileType = image.png; path = "Tabbar_contact@2x.png"; sourceTree = "<group>"; };
		A297B76C1D2FA192003C9276 /* Tabbar_contact@3x.png */ = {isa = PBXFileReference; lastKnownFileType = image.png; path = "Tabbar_contact@3x.png"; sourceTree = "<group>"; };
		A297B76D1D2FA192003C9276 /* Tabbar_contact_select@2x.png */ = {isa = PBXFileReference; lastKnownFileType = image.png; path = "Tabbar_contact_select@2x.png"; sourceTree = "<group>"; };
		A297B76E1D2FA192003C9276 /* Tabbar_contact_select@3x.png */ = {isa = PBXFileReference; lastKnownFileType = image.png; path = "Tabbar_contact_select@3x.png"; sourceTree = "<group>"; };
		A297B76F1D2FA192003C9276 /* Tabbar_mine_select@2x.png */ = {isa = PBXFileReference; lastKnownFileType = image.png; path = "Tabbar_mine_select@2x.png"; sourceTree = "<group>"; };
		A297B7701D2FA192003C9276 /* Tabbar_mine_select@3x.png */ = {isa = PBXFileReference; lastKnownFileType = image.png; path = "Tabbar_mine_select@3x.png"; sourceTree = "<group>"; };
		A297B7711D2FA192003C9276 /* Tabbar_wechat@2x.png */ = {isa = PBXFileReference; lastKnownFileType = image.png; path = "Tabbar_wechat@2x.png"; sourceTree = "<group>"; };
		A297B7721D2FA192003C9276 /* Tabbar_wechat@3x.png */ = {isa = PBXFileReference; lastKnownFileType = image.png; path = "Tabbar_wechat@3x.png"; sourceTree = "<group>"; };
		A297B7731D2FA192003C9276 /* Tabbar_wechat_select@2x.png */ = {isa = PBXFileReference; lastKnownFileType = image.png; path = "Tabbar_wechat_select@2x.png"; sourceTree = "<group>"; };
		A297B7741D2FA192003C9276 /* Tabbar_wechat_select@3x.png */ = {isa = PBXFileReference; lastKnownFileType = image.png; path = "Tabbar_wechat_select@3x.png"; sourceTree = "<group>"; };
		A2C4354E1D3608CF0097ECC1 /* AddMoreView.h */ = {isa = PBXFileReference; fileEncoding = 4; lastKnownFileType = sourcecode.c.h; path = AddMoreView.h; sourceTree = "<group>"; };
		A2C4354F1D3608CF0097ECC1 /* AddMoreView.m */ = {isa = PBXFileReference; fileEncoding = 4; lastKnownFileType = sourcecode.c.objc; path = AddMoreView.m; sourceTree = "<group>"; };
		A2C435511D363AB40097ECC1 /* FaceView.h */ = {isa = PBXFileReference; fileEncoding = 4; lastKnownFileType = sourcecode.c.h; path = FaceView.h; sourceTree = "<group>"; };
		A2C435521D363AB40097ECC1 /* FaceView.m */ = {isa = PBXFileReference; fileEncoding = 4; lastKnownFileType = sourcecode.c.objc; path = FaceView.m; sourceTree = "<group>"; };
		A2C512B71D41BB9A00D84829 /* lame.h */ = {isa = PBXFileReference; fileEncoding = 4; lastKnownFileType = sourcecode.c.h; path = lame.h; sourceTree = "<group>"; };
		A2C512B81D41BB9A00D84829 /* libmp3lame.a */ = {isa = PBXFileReference; lastKnownFileType = archive.ar; path = libmp3lame.a; sourceTree = "<group>"; };
		A2C512B91D41BB9A00D84829 /* Mp3Recorder.h */ = {isa = PBXFileReference; fileEncoding = 4; lastKnownFileType = sourcecode.c.h; path = Mp3Recorder.h; sourceTree = "<group>"; };
		A2C512BA1D41BB9A00D84829 /* Mp3Recorder.m */ = {isa = PBXFileReference; fileEncoding = 4; lastKnownFileType = sourcecode.c.objc; path = Mp3Recorder.m; sourceTree = "<group>"; };
		A9B6923DCF73CFE0F0DA477B /* Pods-WeChat_D.debug.xcconfig */ = {isa = PBXFileReference; includeInIndex = 1; lastKnownFileType = text.xcconfig; name = "Pods-WeChat_D.debug.xcconfig"; path = "Pods/Target Support Files/Pods-WeChat_D/Pods-WeChat_D.debug.xcconfig"; sourceTree = "<group>"; };
		CC02DEDA828486EE35A2D3B8 /* Pods-WeChat_D.release.xcconfig */ = {isa = PBXFileReference; includeInIndex = 1; lastKnownFileType = text.xcconfig; name = "Pods-WeChat_D.release.xcconfig"; path = "Pods/Target Support Files/Pods-WeChat_D/Pods-WeChat_D.release.xcconfig"; sourceTree = "<group>"; };
		F53EC6451D3E636900027A24 /* EMCallLocalView.h */ = {isa = PBXFileReference; fileEncoding = 4; lastKnownFileType = sourcecode.c.h; path = EMCallLocalView.h; sourceTree = "<group>"; };
		F53EC6461D3E636900027A24 /* EMCallManagerDelegate.h */ = {isa = PBXFileReference; fileEncoding = 4; lastKnownFileType = sourcecode.c.h; path = EMCallManagerDelegate.h; sourceTree = "<group>"; };
		F53EC6471D3E636900027A24 /* EMCallRemoteView.h */ = {isa = PBXFileReference; fileEncoding = 4; lastKnownFileType = sourcecode.c.h; path = EMCallRemoteView.h; sourceTree = "<group>"; };
		F53EC6481D3E636900027A24 /* EMCallSession.h */ = {isa = PBXFileReference; fileEncoding = 4; lastKnownFileType = sourcecode.c.h; path = EMCallSession.h; sourceTree = "<group>"; };
		F53EC6491D3E636900027A24 /* EMChatManagerDelegate.h */ = {isa = PBXFileReference; fileEncoding = 4; lastKnownFileType = sourcecode.c.h; path = EMChatManagerDelegate.h; sourceTree = "<group>"; };
		F53EC64A1D3E636900027A24 /* EMChatroom.h */ = {isa = PBXFileReference; fileEncoding = 4; lastKnownFileType = sourcecode.c.h; path = EMChatroom.h; sourceTree = "<group>"; };
		F53EC64B1D3E636900027A24 /* EMChatroomManagerDelegate.h */ = {isa = PBXFileReference; fileEncoding = 4; lastKnownFileType = sourcecode.c.h; path = EMChatroomManagerDelegate.h; sourceTree = "<group>"; };
		F53EC64C1D3E636900027A24 /* EMClient+Call.h */ = {isa = PBXFileReference; fileEncoding = 4; lastKnownFileType = sourcecode.c.h; path = "EMClient+Call.h"; sourceTree = "<group>"; };
		F53EC64D1D3E636900027A24 /* EMClient.h */ = {isa = PBXFileReference; fileEncoding = 4; lastKnownFileType = sourcecode.c.h; path = EMClient.h; sourceTree = "<group>"; };
		F53EC64E1D3E636900027A24 /* EMClientDelegate.h */ = {isa = PBXFileReference; fileEncoding = 4; lastKnownFileType = sourcecode.c.h; path = EMClientDelegate.h; sourceTree = "<group>"; };
		F53EC64F1D3E636900027A24 /* EMCmdMessageBody.h */ = {isa = PBXFileReference; fileEncoding = 4; lastKnownFileType = sourcecode.c.h; path = EMCmdMessageBody.h; sourceTree = "<group>"; };
		F53EC6501D3E636900027A24 /* EMContactManagerDelegate.h */ = {isa = PBXFileReference; fileEncoding = 4; lastKnownFileType = sourcecode.c.h; path = EMContactManagerDelegate.h; sourceTree = "<group>"; };
		F53EC6511D3E636900027A24 /* EMConversation.h */ = {isa = PBXFileReference; fileEncoding = 4; lastKnownFileType = sourcecode.c.h; path = EMConversation.h; sourceTree = "<group>"; };
		F53EC6521D3E636900027A24 /* EMCursorResult.h */ = {isa = PBXFileReference; fileEncoding = 4; lastKnownFileType = sourcecode.c.h; path = EMCursorResult.h; sourceTree = "<group>"; };
		F53EC6531D3E636900027A24 /* EMError.h */ = {isa = PBXFileReference; fileEncoding = 4; lastKnownFileType = sourcecode.c.h; path = EMError.h; sourceTree = "<group>"; };
		F53EC6541D3E636900027A24 /* EMErrorCode.h */ = {isa = PBXFileReference; fileEncoding = 4; lastKnownFileType = sourcecode.c.h; path = EMErrorCode.h; sourceTree = "<group>"; };
		F53EC6551D3E636900027A24 /* EMFileMessageBody.h */ = {isa = PBXFileReference; fileEncoding = 4; lastKnownFileType = sourcecode.c.h; path = EMFileMessageBody.h; sourceTree = "<group>"; };
		F53EC6561D3E636900027A24 /* EMGroup.h */ = {isa = PBXFileReference; fileEncoding = 4; lastKnownFileType = sourcecode.c.h; path = EMGroup.h; sourceTree = "<group>"; };
		F53EC6571D3E636900027A24 /* EMGroupManagerDelegate.h */ = {isa = PBXFileReference; fileEncoding = 4; lastKnownFileType = sourcecode.c.h; path = EMGroupManagerDelegate.h; sourceTree = "<group>"; };
		F53EC6581D3E636900027A24 /* EMGroupOptions.h */ = {isa = PBXFileReference; fileEncoding = 4; lastKnownFileType = sourcecode.c.h; path = EMGroupOptions.h; sourceTree = "<group>"; };
		F53EC6591D3E636900027A24 /* EMImageMessageBody.h */ = {isa = PBXFileReference; fileEncoding = 4; lastKnownFileType = sourcecode.c.h; path = EMImageMessageBody.h; sourceTree = "<group>"; };
		F53EC65A1D3E636900027A24 /* EMLocationMessageBody.h */ = {isa = PBXFileReference; fileEncoding = 4; lastKnownFileType = sourcecode.c.h; path = EMLocationMessageBody.h; sourceTree = "<group>"; };
		F53EC65B1D3E636900027A24 /* EMMessage.h */ = {isa = PBXFileReference; fileEncoding = 4; lastKnownFileType = sourcecode.c.h; path = EMMessage.h; sourceTree = "<group>"; };
		F53EC65C1D3E636900027A24 /* EMMessageBody.h */ = {isa = PBXFileReference; fileEncoding = 4; lastKnownFileType = sourcecode.c.h; path = EMMessageBody.h; sourceTree = "<group>"; };
		F53EC65D1D3E636900027A24 /* EMOptions+PrivateDeploy.h */ = {isa = PBXFileReference; fileEncoding = 4; lastKnownFileType = sourcecode.c.h; path = "EMOptions+PrivateDeploy.h"; sourceTree = "<group>"; };
		F53EC65E1D3E636900027A24 /* EMOptions.h */ = {isa = PBXFileReference; fileEncoding = 4; lastKnownFileType = sourcecode.c.h; path = EMOptions.h; sourceTree = "<group>"; };
		F53EC65F1D3E636900027A24 /* EMPushOptions.h */ = {isa = PBXFileReference; fileEncoding = 4; lastKnownFileType = sourcecode.c.h; path = EMPushOptions.h; sourceTree = "<group>"; };
		F53EC6601D3E636900027A24 /* EMSDK.h */ = {isa = PBXFileReference; fileEncoding = 4; lastKnownFileType = sourcecode.c.h; path = EMSDK.h; sourceTree = "<group>"; };
		F53EC6611D3E636900027A24 /* EMSDKFull.h */ = {isa = PBXFileReference; fileEncoding = 4; lastKnownFileType = sourcecode.c.h; path = EMSDKFull.h; sourceTree = "<group>"; };
		F53EC6621D3E636900027A24 /* EMTextMessageBody.h */ = {isa = PBXFileReference; fileEncoding = 4; lastKnownFileType = sourcecode.c.h; path = EMTextMessageBody.h; sourceTree = "<group>"; };
		F53EC6631D3E636900027A24 /* EMVideoMessageBody.h */ = {isa = PBXFileReference; fileEncoding = 4; lastKnownFileType = sourcecode.c.h; path = EMVideoMessageBody.h; sourceTree = "<group>"; };
		F53EC6641D3E636900027A24 /* EMVoiceMessageBody.h */ = {isa = PBXFileReference; fileEncoding = 4; lastKnownFileType = sourcecode.c.h; path = EMVoiceMessageBody.h; sourceTree = "<group>"; };
		F53EC6651D3E636900027A24 /* IEMCallManager.h */ = {isa = PBXFileReference; fileEncoding = 4; lastKnownFileType = sourcecode.c.h; path = IEMCallManager.h; sourceTree = "<group>"; };
		F53EC6661D3E636900027A24 /* IEMChatManager.h */ = {isa = PBXFileReference; fileEncoding = 4; lastKnownFileType = sourcecode.c.h; path = IEMChatManager.h; sourceTree = "<group>"; };
		F53EC6671D3E636900027A24 /* IEMChatroomManager.h */ = {isa = PBXFileReference; fileEncoding = 4; lastKnownFileType = sourcecode.c.h; path = IEMChatroomManager.h; sourceTree = "<group>"; };
		F53EC6681D3E636900027A24 /* IEMContactManager.h */ = {isa = PBXFileReference; fileEncoding = 4; lastKnownFileType = sourcecode.c.h; path = IEMContactManager.h; sourceTree = "<group>"; };
		F53EC6691D3E636900027A24 /* IEMGroupManager.h */ = {isa = PBXFileReference; fileEncoding = 4; lastKnownFileType = sourcecode.c.h; path = IEMGroupManager.h; sourceTree = "<group>"; };
		F53EC66A1D3E636900027A24 /* OpenGLView20.h */ = {isa = PBXFileReference; fileEncoding = 4; lastKnownFileType = sourcecode.c.h; path = OpenGLView20.h; sourceTree = "<group>"; };
		F53EC66D1D3E636900027A24 /* libcrypto.a */ = {isa = PBXFileReference; lastKnownFileType = archive.ar; path = libcrypto.a; sourceTree = "<group>"; };
		F53EC66E1D3E636900027A24 /* libcurl.a */ = {isa = PBXFileReference; lastKnownFileType = archive.ar; path = libcurl.a; sourceTree = "<group>"; };
		F53EC66F1D3E636900027A24 /* libssl.a */ = {isa = PBXFileReference; lastKnownFileType = archive.ar; path = libssl.a; sourceTree = "<group>"; };
		F53EC6701D3E636900027A24 /* libHyphenateSDK.a */ = {isa = PBXFileReference; lastKnownFileType = archive.ar; path = libHyphenateSDK.a; sourceTree = "<group>"; };
		F53EC6751D3E63F100027A24 /* CoreMedia.framework */ = {isa = PBXFileReference; lastKnownFileType = wrapper.framework; name = CoreMedia.framework; path = System/Library/Frameworks/CoreMedia.framework; sourceTree = SDKROOT; };
		F53EC6771D3E640400027A24 /* AudioToolbox.framework */ = {isa = PBXFileReference; lastKnownFileType = wrapper.framework; name = AudioToolbox.framework; path = System/Library/Frameworks/AudioToolbox.framework; sourceTree = SDKROOT; };
		F53EC6791D3E640C00027A24 /* AVFoundation.framework */ = {isa = PBXFileReference; lastKnownFileType = wrapper.framework; name = AVFoundation.framework; path = System/Library/Frameworks/AVFoundation.framework; sourceTree = SDKROOT; };
		F53EC67B1D3E641300027A24 /* MobileCoreServices.framework */ = {isa = PBXFileReference; lastKnownFileType = wrapper.framework; name = MobileCoreServices.framework; path = System/Library/Frameworks/MobileCoreServices.framework; sourceTree = SDKROOT; };
		F53EC67D1D3E641B00027A24 /* ImageIO.framework */ = {isa = PBXFileReference; lastKnownFileType = wrapper.framework; name = ImageIO.framework; path = System/Library/Frameworks/ImageIO.framework; sourceTree = SDKROOT; };
		F53EC67F1D3E642400027A24 /* libc++.tbd */ = {isa = PBXFileReference; lastKnownFileType = "sourcecode.text-based-dylib-definition"; name = "libc++.tbd"; path = "usr/lib/libc++.tbd"; sourceTree = SDKROOT; };
		F53EC6811D3E642C00027A24 /* libz.tbd */ = {isa = PBXFileReference; lastKnownFileType = "sourcecode.text-based-dylib-definition"; name = libz.tbd; path = usr/lib/libz.tbd; sourceTree = SDKROOT; };
		F53EC6831D3E643400027A24 /* libstdc++.6.0.9.tbd */ = {isa = PBXFileReference; lastKnownFileType = "sourcecode.text-based-dylib-definition"; name = "libstdc++.6.0.9.tbd"; path = "usr/lib/libstdc++.6.0.9.tbd"; sourceTree = SDKROOT; };
		F53EC6851D3E643C00027A24 /* libsqlite3.tbd */ = {isa = PBXFileReference; lastKnownFileType = "sourcecode.text-based-dylib-definition"; name = libsqlite3.tbd; path = usr/lib/libsqlite3.tbd; sourceTree = SDKROOT; };
		F53EC6871D3E644300027A24 /* libiconv.tbd */ = {isa = PBXFileReference; lastKnownFileType = "sourcecode.text-based-dylib-definition"; name = libiconv.tbd; path = usr/lib/libiconv.tbd; sourceTree = SDKROOT; };
		F5CB8B621D3F0533002663F8 /* AddFriendController.h */ = {isa = PBXFileReference; fileEncoding = 4; lastKnownFileType = sourcecode.c.h; path = AddFriendController.h; sourceTree = "<group>"; };
		F5CB8B631D3F0533002663F8 /* AddFriendController.m */ = {isa = PBXFileReference; fileEncoding = 4; lastKnownFileType = sourcecode.c.objc; path = AddFriendController.m; sourceTree = "<group>"; };
		F5CF83D91D39C3EB000CC9F5 /* LoginViewController.h */ = {isa = PBXFileReference; fileEncoding = 4; lastKnownFileType = sourcecode.c.h; path = LoginViewController.h; sourceTree = "<group>"; };
		F5CF83DA1D39C3EB000CC9F5 /* LoginViewController.m */ = {isa = PBXFileReference; fileEncoding = 4; lastKnownFileType = sourcecode.c.objc; path = LoginViewController.m; sourceTree = "<group>"; };
/* End PBXFileReference section */

/* Begin PBXFrameworksBuildPhase section */
		A297B6FF1D2F8E14003C9276 /* Frameworks */ = {
			isa = PBXFrameworksBuildPhase;
			buildActionMask = 2147483647;
			files = (
				F53EC6881D3E644300027A24 /* libiconv.tbd in Frameworks */,
				A2C512BB1D41BB9A00D84829 /* libmp3lame.a in Frameworks */,
				F53EC6861D3E643C00027A24 /* libsqlite3.tbd in Frameworks */,
				F53EC6841D3E643400027A24 /* libstdc++.6.0.9.tbd in Frameworks */,
				F53EC6821D3E642C00027A24 /* libz.tbd in Frameworks */,
				F53EC6801D3E642400027A24 /* libc++.tbd in Frameworks */,
				F53EC67E1D3E641B00027A24 /* ImageIO.framework in Frameworks */,
				F53EC67C1D3E641300027A24 /* MobileCoreServices.framework in Frameworks */,
				F53EC67A1D3E640C00027A24 /* AVFoundation.framework in Frameworks */,
				F53EC6781D3E640400027A24 /* AudioToolbox.framework in Frameworks */,
				F53EC6761D3E63F100027A24 /* CoreMedia.framework in Frameworks */,
				F53EC6741D3E636900027A24 /* libHyphenateSDK.a in Frameworks */,
				F53EC6731D3E636900027A24 /* libssl.a in Frameworks */,
				F53EC6711D3E636900027A24 /* libcrypto.a in Frameworks */,
				EEA7B39501F1EDAA38FBFDB0 /* libPods-WeChat_D.a in Frameworks */,
				F53EC6721D3E636900027A24 /* libcurl.a in Frameworks */,
			);
			runOnlyForDeploymentPostprocessing = 0;
		};
		A297B7181D2F8E15003C9276 /* Frameworks */ = {
			isa = PBXFrameworksBuildPhase;
			buildActionMask = 2147483647;
			files = (
			);
			runOnlyForDeploymentPostprocessing = 0;
		};
		A297B7231D2F8E15003C9276 /* Frameworks */ = {
			isa = PBXFrameworksBuildPhase;
			buildActionMask = 2147483647;
			files = (
			);
			runOnlyForDeploymentPostprocessing = 0;
		};
/* End PBXFrameworksBuildPhase section */

/* Begin PBXGroup section */
		A12D7F57D4C2FA15BBD6C897 /* Frameworks */ = {
			isa = PBXGroup;
			children = (
				F53EC6871D3E644300027A24 /* libiconv.tbd */,
				F53EC6851D3E643C00027A24 /* libsqlite3.tbd */,
				F53EC6831D3E643400027A24 /* libstdc++.6.0.9.tbd */,
				F53EC6811D3E642C00027A24 /* libz.tbd */,
				F53EC67F1D3E642400027A24 /* libc++.tbd */,
				F53EC67D1D3E641B00027A24 /* ImageIO.framework */,
				F53EC67B1D3E641300027A24 /* MobileCoreServices.framework */,
				F53EC6791D3E640C00027A24 /* AVFoundation.framework */,
				F53EC6771D3E640400027A24 /* AudioToolbox.framework */,
				F53EC6751D3E63F100027A24 /* CoreMedia.framework */,
				77912E4F30617DE482F6A3C6 /* libPods-WeChat_D.a */,
			);
			name = Frameworks;
			sourceTree = "<group>";
		};
		A2088B3F1D3CA32900C73446 /* cells */ = {
			isa = PBXGroup;
			children = (
				A2088B401D3CA39100C73446 /* MessageTableViewCell.h */,
				A2088B411D3CA39100C73446 /* MessageTableViewCell.m */,
			);
			name = cells;
			sourceTree = "<group>";
		};
		A297B6F91D2F8E14003C9276 = {
			isa = PBXGroup;
			children = (
				A297B7041D2F8E14003C9276 /* WeChat_D */,
				A297B71E1D2F8E15003C9276 /* WeChat_DTests */,
				A297B7291D2F8E15003C9276 /* WeChat_DUITests */,
				A297B7031D2F8E14003C9276 /* Products */,
				E75D83693CCF032FD1D3DC14 /* Pods */,
				A12D7F57D4C2FA15BBD6C897 /* Frameworks */,
			);
			sourceTree = "<group>";
		};
		A297B7031D2F8E14003C9276 /* Products */ = {
			isa = PBXGroup;
			children = (
				A297B7021D2F8E14003C9276 /* WeChat_D.app */,
				A297B71B1D2F8E15003C9276 /* WeChat_DTests.xctest */,
				A297B7261D2F8E15003C9276 /* WeChat_DUITests.xctest */,
			);
			name = Products;
			sourceTree = "<group>";
		};
		A297B7041D2F8E14003C9276 /* WeChat_D */ = {
			isa = PBXGroup;
			children = (
				F53EC6431D3E636900027A24 /* HyphenateSDK */,
				A297B7381D2F8E5A003C9276 /* Categories */,
				A297B7671D2FA192003C9276 /* Images */,
				A297B7521D2F8E5A003C9276 /* WeChat */,
				A297B73D1D2F8E5A003C9276 /* Contacts */,
				A297B7491D2F8E5A003C9276 /* Discover */,
				A297B7431D2F8E5A003C9276 /* Mine */,
				A297B74F1D2F8E5A003C9276 /* MainControllee */,
				A297B75F1D2F8E87003C9276 /* Other */,
				A297B7051D2F8E14003C9276 /* Supporting Files */,
			);
			path = WeChat_D;
			sourceTree = "<group>";
		};
		A297B7051D2F8E14003C9276 /* Supporting Files */ = {
			isa = PBXGroup;
			children = (
				A21B628C1D3891B300F0E727 /* face.plist */,
				A297B7081D2F8E14003C9276 /* AppDelegate.h */,
				A297B7091D2F8E14003C9276 /* AppDelegate.m */,
				A297B7061D2F8E14003C9276 /* main.m */,
				A297B7651D2F97FA003C9276 /* PrefixHeader.pch */,
				A297B7661D2FA044003C9276 /* DefineHeader.h */,
			);
			name = "Supporting Files";
			sourceTree = "<group>";
		};
		A297B71E1D2F8E15003C9276 /* WeChat_DTests */ = {
			isa = PBXGroup;
			children = (
				A297B71F1D2F8E15003C9276 /* WeChat_DTests.m */,
				A297B7211D2F8E15003C9276 /* Info.plist */,
			);
			path = WeChat_DTests;
			sourceTree = "<group>";
		};
		A297B7291D2F8E15003C9276 /* WeChat_DUITests */ = {
			isa = PBXGroup;
			children = (
				A297B72A1D2F8E15003C9276 /* WeChat_DUITests.m */,
				A297B72C1D2F8E15003C9276 /* Info.plist */,
			);
			path = WeChat_DUITests;
			sourceTree = "<group>";
		};
		A297B7381D2F8E5A003C9276 /* Categories */ = {
			isa = PBXGroup;
			children = (
				A2C512B61D41BB9A00D84829 /* VoiceLib */,
				A297B7391D2F8E5A003C9276 /* UIColor+Extension.h */,
				A297B73A1D2F8E5A003C9276 /* UIColor+Extension.m */,
				A297B73B1D2F8E5A003C9276 /* UIView+Toast.h */,
				A297B73C1D2F8E5A003C9276 /* UIView+Toast.m */,
				A2088B3C1D3C6EC200C73446 /* PublicMethod.h */,
				A2088B3D1D3C6EC200C73446 /* PublicMethod.m */,
			);
			path = Categories;
			sourceTree = "<group>";
		};
		A297B73D1D2F8E5A003C9276 /* Contacts */ = {
			isa = PBXGroup;
			children = (
				A297B73E1D2F8E5A003C9276 /* Controller */,
				A297B7411D2F8E5A003C9276 /* Model */,
				A297B7421D2F8E5A003C9276 /* View */,
			);
			path = Contacts;
			sourceTree = "<group>";
		};
		A297B73E1D2F8E5A003C9276 /* Controller */ = {
			isa = PBXGroup;
			children = (
				A297B73F1D2F8E5A003C9276 /* ContactsViewController.h */,
				A297B7401D2F8E5A003C9276 /* ContactsViewController.m */,
				F5CB8B621D3F0533002663F8 /* AddFriendController.h */,
				F5CB8B631D3F0533002663F8 /* AddFriendController.m */,
			);
			path = Controller;
			sourceTree = "<group>";
		};
		A297B7411D2F8E5A003C9276 /* Model */ = {
			isa = PBXGroup;
			children = (
			);
			path = Model;
			sourceTree = "<group>";
		};
		A297B7421D2F8E5A003C9276 /* View */ = {
			isa = PBXGroup;
			children = (
			);
			path = View;
			sourceTree = "<group>";
		};
		A297B7431D2F8E5A003C9276 /* Mine */ = {
			isa = PBXGroup;
			children = (
				A297B7441D2F8E5A003C9276 /* Controller */,
				A297B7471D2F8E5A003C9276 /* Model */,
				A297B7481D2F8E5A003C9276 /* View */,
			);
			path = Mine;
			sourceTree = "<group>";
		};
		A297B7441D2F8E5A003C9276 /* Controller */ = {
			isa = PBXGroup;
			children = (
				A297B7451D2F8E5A003C9276 /* MineViewController.h */,
				A297B7461D2F8E5A003C9276 /* MineViewController.m */,
				F5CF83D91D39C3EB000CC9F5 /* LoginViewController.h */,
				F5CF83DA1D39C3EB000CC9F5 /* LoginViewController.m */,
			);
			path = Controller;
			sourceTree = "<group>";
		};
		A297B7471D2F8E5A003C9276 /* Model */ = {
			isa = PBXGroup;
			children = (
			);
			path = Model;
			sourceTree = "<group>";
		};
		A297B7481D2F8E5A003C9276 /* View */ = {
			isa = PBXGroup;
			children = (
			);
			path = View;
			sourceTree = "<group>";
		};
		A297B7491D2F8E5A003C9276 /* Discover */ = {
			isa = PBXGroup;
			children = (
				A297B74A1D2F8E5A003C9276 /* Controller */,
				A297B74D1D2F8E5A003C9276 /* Model */,
				A297B74E1D2F8E5A003C9276 /* View */,
			);
			path = Discover;
			sourceTree = "<group>";
		};
		A297B74A1D2F8E5A003C9276 /* Controller */ = {
			isa = PBXGroup;
			children = (
				A297B74B1D2F8E5A003C9276 /* DiscoverViewController.h */,
				A297B74C1D2F8E5A003C9276 /* DiscoverViewController.m */,
			);
			path = Controller;
			sourceTree = "<group>";
		};
		A297B74D1D2F8E5A003C9276 /* Model */ = {
			isa = PBXGroup;
			children = (
			);
			path = Model;
			sourceTree = "<group>";
		};
		A297B74E1D2F8E5A003C9276 /* View */ = {
			isa = PBXGroup;
			children = (
			);
			path = View;
			sourceTree = "<group>";
		};
		A297B74F1D2F8E5A003C9276 /* MainControllee */ = {
			isa = PBXGroup;
			children = (
				A297B7501D2F8E5A003C9276 /* MainTabbarController.h */,
				A297B7511D2F8E5A003C9276 /* MainTabbarController.m */,
				A297B7611D2F9622003C9276 /* BaseViewController.h */,
				A297B7621D2F9622003C9276 /* BaseViewController.m */,
			);
			path = MainControllee;
			sourceTree = "<group>";
		};
		A297B7521D2F8E5A003C9276 /* WeChat */ = {
			isa = PBXGroup;
			children = (
				A297B7531D2F8E5A003C9276 /* Controller */,
				A297B7561D2F8E5A003C9276 /* Model */,
				A297B7571D2F8E5A003C9276 /* View */,
			);
			path = WeChat;
			sourceTree = "<group>";
		};
		A297B7531D2F8E5A003C9276 /* Controller */ = {
			isa = PBXGroup;
			children = (
				A297B7541D2F8E5A003C9276 /* WeChatViewController.h */,
				A297B7551D2F8E5A003C9276 /* WeChatViewController.m */,
				A246952E1D34E77D00E32C30 /* ChatDetailViewController.h */,
				A246952F1D34E77D00E32C30 /* ChatDetailViewController.m */,
			);
			path = Controller;
			sourceTree = "<group>";
		};
		A297B7561D2F8E5A003C9276 /* Model */ = {
			isa = PBXGroup;
			children = (
				A21B628E1D3893ED00F0E727 /* FaceViewModel.h */,
				A21B628F1D3893ED00F0E727 /* FaceViewModel.m */,
				A21B62911D38D9BD00F0E727 /* WeChatListModel.h */,
				A21B62921D38D9BD00F0E727 /* WeChatListModel.m */,
				A2088B431D3CACFA00C73446 /* MessageModel.h */,
				A2088B441D3CACFA00C73446 /* MessageModel.m */,
			);
			path = Model;
			sourceTree = "<group>";
		};
		A297B7571D2F8E5A003C9276 /* View */ = {
			isa = PBXGroup;
			children = (
				A2088B3F1D3CA32900C73446 /* cells */,
				A24695311D34EA7600E32C30 /* JPKeyBoardToolView.h */,
				A24695321D34EA7600E32C30 /* JPKeyBoardToolView.m */,
				A2C4354E1D3608CF0097ECC1 /* AddMoreView.h */,
				A2C4354F1D3608CF0097ECC1 /* AddMoreView.m */,
				A2C435511D363AB40097ECC1 /* FaceView.h */,
				A2C435521D363AB40097ECC1 /* FaceView.m */,
				A21B62941D38DA1700F0E727 /* WeChatTableViewCell.h */,
				A21B62951D38DA1700F0E727 /* WeChatTableViewCell.m */,
				A21B62961D38DA1700F0E727 /* WeChatTableViewCell.xib */,
			);
			path = View;
			sourceTree = "<group>";
		};
		A297B75F1D2F8E87003C9276 /* Other */ = {
			isa = PBXGroup;
			children = (
				A297B7111D2F8E14003C9276 /* Assets.xcassets */,
				A297B7131D2F8E14003C9276 /* LaunchScreen.storyboard */,
				A297B7161D2F8E14003C9276 /* Info.plist */,
				A297B7601D2F8E87003C9276 /* WeChatPrefixHeader.pch */,
			);
			name = Other;
			path = WeChat/Other;
			sourceTree = "<group>";
		};
		A297B7671D2FA192003C9276 /* Images */ = {
			isa = PBXGroup;
			children = (
				A297B7681D2FA192003C9276 /* Tabbar */,
			);
			path = Images;
			sourceTree = "<group>";
		};
		A297B7681D2FA192003C9276 /* Tabbar */ = {
			isa = PBXGroup;
			children = (
				A297B7691D2FA192003C9276 /* Tabar_mine@2x.png */,
				A297B76A1D2FA192003C9276 /* Tabar_mine@3x.png */,
				A297B76B1D2FA192003C9276 /* Tabbar_contact@2x.png */,
				A297B76C1D2FA192003C9276 /* Tabbar_contact@3x.png */,
				A297B76D1D2FA192003C9276 /* Tabbar_contact_select@2x.png */,
				A297B76E1D2FA192003C9276 /* Tabbar_contact_select@3x.png */,
				A297B76F1D2FA192003C9276 /* Tabbar_mine_select@2x.png */,
				A297B7701D2FA192003C9276 /* Tabbar_mine_select@3x.png */,
				A297B7711D2FA192003C9276 /* Tabbar_wechat@2x.png */,
				A297B7721D2FA192003C9276 /* Tabbar_wechat@3x.png */,
				A297B7731D2FA192003C9276 /* Tabbar_wechat_select@2x.png */,
				A297B7741D2FA192003C9276 /* Tabbar_wechat_select@3x.png */,
			);
			path = Tabbar;
			sourceTree = "<group>";
		};
		A2C512B61D41BB9A00D84829 /* VoiceLib */ = {
			isa = PBXGroup;
			children = (
				A2C512B71D41BB9A00D84829 /* lame.h */,
				A2C512B81D41BB9A00D84829 /* libmp3lame.a */,
				A2C512B91D41BB9A00D84829 /* Mp3Recorder.h */,
				A2C512BA1D41BB9A00D84829 /* Mp3Recorder.m */,
			);
			path = VoiceLib;
			sourceTree = "<group>";
		};
		E75D83693CCF032FD1D3DC14 /* Pods */ = {
			isa = PBXGroup;
			children = (
				A9B6923DCF73CFE0F0DA477B /* Pods-WeChat_D.debug.xcconfig */,
				CC02DEDA828486EE35A2D3B8 /* Pods-WeChat_D.release.xcconfig */,
			);
			name = Pods;
			sourceTree = "<group>";
		};
		F53EC6431D3E636900027A24 /* HyphenateSDK */ = {
			isa = PBXGroup;
			children = (
				F53EC6441D3E636900027A24 /* include */,
				F53EC66B1D3E636900027A24 /* lib */,
			);
			path = HyphenateSDK;
			sourceTree = "<group>";
		};
		F53EC6441D3E636900027A24 /* include */ = {
			isa = PBXGroup;
			children = (
				F53EC6451D3E636900027A24 /* EMCallLocalView.h */,
				F53EC6461D3E636900027A24 /* EMCallManagerDelegate.h */,
				F53EC6471D3E636900027A24 /* EMCallRemoteView.h */,
				F53EC6481D3E636900027A24 /* EMCallSession.h */,
				F53EC6491D3E636900027A24 /* EMChatManagerDelegate.h */,
				F53EC64A1D3E636900027A24 /* EMChatroom.h */,
				F53EC64B1D3E636900027A24 /* EMChatroomManagerDelegate.h */,
				F53EC64C1D3E636900027A24 /* EMClient+Call.h */,
				F53EC64D1D3E636900027A24 /* EMClient.h */,
				F53EC64E1D3E636900027A24 /* EMClientDelegate.h */,
				F53EC64F1D3E636900027A24 /* EMCmdMessageBody.h */,
				F53EC6501D3E636900027A24 /* EMContactManagerDelegate.h */,
				F53EC6511D3E636900027A24 /* EMConversation.h */,
				F53EC6521D3E636900027A24 /* EMCursorResult.h */,
				F53EC6531D3E636900027A24 /* EMError.h */,
				F53EC6541D3E636900027A24 /* EMErrorCode.h */,
				F53EC6551D3E636900027A24 /* EMFileMessageBody.h */,
				F53EC6561D3E636900027A24 /* EMGroup.h */,
				F53EC6571D3E636900027A24 /* EMGroupManagerDelegate.h */,
				F53EC6581D3E636900027A24 /* EMGroupOptions.h */,
				F53EC6591D3E636900027A24 /* EMImageMessageBody.h */,
				F53EC65A1D3E636900027A24 /* EMLocationMessageBody.h */,
				F53EC65B1D3E636900027A24 /* EMMessage.h */,
				F53EC65C1D3E636900027A24 /* EMMessageBody.h */,
				F53EC65D1D3E636900027A24 /* EMOptions+PrivateDeploy.h */,
				F53EC65E1D3E636900027A24 /* EMOptions.h */,
				F53EC65F1D3E636900027A24 /* EMPushOptions.h */,
				F53EC6601D3E636900027A24 /* EMSDK.h */,
				F53EC6611D3E636900027A24 /* EMSDKFull.h */,
				F53EC6621D3E636900027A24 /* EMTextMessageBody.h */,
				F53EC6631D3E636900027A24 /* EMVideoMessageBody.h */,
				F53EC6641D3E636900027A24 /* EMVoiceMessageBody.h */,
				F53EC6651D3E636900027A24 /* IEMCallManager.h */,
				F53EC6661D3E636900027A24 /* IEMChatManager.h */,
				F53EC6671D3E636900027A24 /* IEMChatroomManager.h */,
				F53EC6681D3E636900027A24 /* IEMContactManager.h */,
				F53EC6691D3E636900027A24 /* IEMGroupManager.h */,
				F53EC66A1D3E636900027A24 /* OpenGLView20.h */,
			);
			path = include;
			sourceTree = "<group>";
		};
		F53EC66B1D3E636900027A24 /* lib */ = {
			isa = PBXGroup;
			children = (
				F53EC66C1D3E636900027A24 /* 3rdparty */,
				F53EC6701D3E636900027A24 /* libHyphenateSDK.a */,
			);
			path = lib;
			sourceTree = "<group>";
		};
		F53EC66C1D3E636900027A24 /* 3rdparty */ = {
			isa = PBXGroup;
			children = (
				F53EC66D1D3E636900027A24 /* libcrypto.a */,
				F53EC66E1D3E636900027A24 /* libcurl.a */,
				F53EC66F1D3E636900027A24 /* libssl.a */,
			);
			path = 3rdparty;
			sourceTree = "<group>";
		};
/* End PBXGroup section */

/* Begin PBXNativeTarget section */
		A297B7011D2F8E14003C9276 /* WeChat_D */ = {
			isa = PBXNativeTarget;
			buildConfigurationList = A297B72F1D2F8E15003C9276 /* Build configuration list for PBXNativeTarget "WeChat_D" */;
			buildPhases = (
				BF7DDAF6A96FEB2F4A20B283 /* Check Pods Manifest.lock */,
				A297B6FE1D2F8E14003C9276 /* Sources */,
				A297B6FF1D2F8E14003C9276 /* Frameworks */,
				A297B7001D2F8E14003C9276 /* Resources */,
				E82C55D6D5DFF88D568F5A1B /* Embed Pods Frameworks */,
				E5F26AFC175072FDC7212798 /* Copy Pods Resources */,
			);
			buildRules = (
			);
			dependencies = (
			);
			name = WeChat_D;
			productName = WeChat_D;
			productReference = A297B7021D2F8E14003C9276 /* WeChat_D.app */;
			productType = "com.apple.product-type.application";
		};
		A297B71A1D2F8E15003C9276 /* WeChat_DTests */ = {
			isa = PBXNativeTarget;
			buildConfigurationList = A297B7321D2F8E15003C9276 /* Build configuration list for PBXNativeTarget "WeChat_DTests" */;
			buildPhases = (
				A297B7171D2F8E15003C9276 /* Sources */,
				A297B7181D2F8E15003C9276 /* Frameworks */,
				A297B7191D2F8E15003C9276 /* Resources */,
			);
			buildRules = (
			);
			dependencies = (
				A297B71D1D2F8E15003C9276 /* PBXTargetDependency */,
			);
			name = WeChat_DTests;
			productName = WeChat_DTests;
			productReference = A297B71B1D2F8E15003C9276 /* WeChat_DTests.xctest */;
			productType = "com.apple.product-type.bundle.unit-test";
		};
		A297B7251D2F8E15003C9276 /* WeChat_DUITests */ = {
			isa = PBXNativeTarget;
			buildConfigurationList = A297B7351D2F8E15003C9276 /* Build configuration list for PBXNativeTarget "WeChat_DUITests" */;
			buildPhases = (
				A297B7221D2F8E15003C9276 /* Sources */,
				A297B7231D2F8E15003C9276 /* Frameworks */,
				A297B7241D2F8E15003C9276 /* Resources */,
			);
			buildRules = (
			);
			dependencies = (
				A297B7281D2F8E15003C9276 /* PBXTargetDependency */,
			);
			name = WeChat_DUITests;
			productName = WeChat_DUITests;
			productReference = A297B7261D2F8E15003C9276 /* WeChat_DUITests.xctest */;
			productType = "com.apple.product-type.bundle.ui-testing";
		};
/* End PBXNativeTarget section */

/* Begin PBXProject section */
		A297B6FA1D2F8E14003C9276 /* Project object */ = {
			isa = PBXProject;
			attributes = {
				LastUpgradeCheck = 0730;
				ORGANIZATIONNAME = dongjiangpeng;
				TargetAttributes = {
					A297B7011D2F8E14003C9276 = {
						CreatedOnToolsVersion = 7.3;
						DevelopmentTeam = U37X4645WQ;
					};
					A297B71A1D2F8E15003C9276 = {
						CreatedOnToolsVersion = 7.3;
						TestTargetID = A297B7011D2F8E14003C9276;
					};
					A297B7251D2F8E15003C9276 = {
						CreatedOnToolsVersion = 7.3;
						TestTargetID = A297B7011D2F8E14003C9276;
					};
				};
			};
			buildConfigurationList = A297B6FD1D2F8E14003C9276 /* Build configuration list for PBXProject "WeChat_D" */;
			compatibilityVersion = "Xcode 3.2";
			developmentRegion = English;
			hasScannedForEncodings = 0;
			knownRegions = (
				en,
				Base,
			);
			mainGroup = A297B6F91D2F8E14003C9276;
			productRefGroup = A297B7031D2F8E14003C9276 /* Products */;
			projectDirPath = "";
			projectRoot = "";
			targets = (
				A297B7011D2F8E14003C9276 /* WeChat_D */,
				A297B71A1D2F8E15003C9276 /* WeChat_DTests */,
				A297B7251D2F8E15003C9276 /* WeChat_DUITests */,
			);
		};
/* End PBXProject section */

/* Begin PBXResourcesBuildPhase section */
		A297B7001D2F8E14003C9276 /* Resources */ = {
			isa = PBXResourcesBuildPhase;
			buildActionMask = 2147483647;
			files = (
				A297B77C1D2FA192003C9276 /* Tabbar_mine_select@3x.png in Resources */,
				A297B77A1D2FA192003C9276 /* Tabbar_contact_select@3x.png in Resources */,
				A297B7781D2FA192003C9276 /* Tabbar_contact@3x.png in Resources */,
				A297B7151D2F8E14003C9276 /* LaunchScreen.storyboard in Resources */,
				A297B7761D2FA192003C9276 /* Tabar_mine@3x.png in Resources */,
				A297B77E1D2FA192003C9276 /* Tabbar_wechat@3x.png in Resources */,
				A297B77B1D2FA192003C9276 /* Tabbar_mine_select@2x.png in Resources */,
				A21B62981D38DA1700F0E727 /* WeChatTableViewCell.xib in Resources */,
				A297B7121D2F8E14003C9276 /* Assets.xcassets in Resources */,
				A21B628D1D3891B300F0E727 /* face.plist in Resources */,
				A297B77F1D2FA192003C9276 /* Tabbar_wechat_select@2x.png in Resources */,
				A297B7801D2FA192003C9276 /* Tabbar_wechat_select@3x.png in Resources */,
				A297B7751D2FA192003C9276 /* Tabar_mine@2x.png in Resources */,
				A297B7791D2FA192003C9276 /* Tabbar_contact_select@2x.png in Resources */,
				A297B7771D2FA192003C9276 /* Tabbar_contact@2x.png in Resources */,
				A297B77D1D2FA192003C9276 /* Tabbar_wechat@2x.png in Resources */,
			);
			runOnlyForDeploymentPostprocessing = 0;
		};
		A297B7191D2F8E15003C9276 /* Resources */ = {
			isa = PBXResourcesBuildPhase;
			buildActionMask = 2147483647;
			files = (
			);
			runOnlyForDeploymentPostprocessing = 0;
		};
		A297B7241D2F8E15003C9276 /* Resources */ = {
			isa = PBXResourcesBuildPhase;
			buildActionMask = 2147483647;
			files = (
			);
			runOnlyForDeploymentPostprocessing = 0;
		};
/* End PBXResourcesBuildPhase section */

/* Begin PBXShellScriptBuildPhase section */
		BF7DDAF6A96FEB2F4A20B283 /* Check Pods Manifest.lock */ = {
			isa = PBXShellScriptBuildPhase;
			buildActionMask = 2147483647;
			files = (
			);
			inputPaths = (
			);
			name = "Check Pods Manifest.lock";
			outputPaths = (
			);
			runOnlyForDeploymentPostprocessing = 0;
			shellPath = /bin/sh;
			shellScript = "diff \"${PODS_ROOT}/../Podfile.lock\" \"${PODS_ROOT}/Manifest.lock\" > /dev/null\nif [[ $? != 0 ]] ; then\n    cat << EOM\nerror: The sandbox is not in sync with the Podfile.lock. Run 'pod install' or update your CocoaPods installation.\nEOM\n    exit 1\nfi\n";
			showEnvVarsInLog = 0;
		};
		E5F26AFC175072FDC7212798 /* Copy Pods Resources */ = {
			isa = PBXShellScriptBuildPhase;
			buildActionMask = 2147483647;
			files = (
			);
			inputPaths = (
			);
			name = "Copy Pods Resources";
			outputPaths = (
			);
			runOnlyForDeploymentPostprocessing = 0;
			shellPath = /bin/sh;
			shellScript = "\"${SRCROOT}/Pods/Target Support Files/Pods-WeChat_D/Pods-WeChat_D-resources.sh\"\n";
			showEnvVarsInLog = 0;
		};
		E82C55D6D5DFF88D568F5A1B /* Embed Pods Frameworks */ = {
			isa = PBXShellScriptBuildPhase;
			buildActionMask = 2147483647;
			files = (
			);
			inputPaths = (
			);
			name = "Embed Pods Frameworks";
			outputPaths = (
			);
			runOnlyForDeploymentPostprocessing = 0;
			shellPath = /bin/sh;
			shellScript = "\"${SRCROOT}/Pods/Target Support Files/Pods-WeChat_D/Pods-WeChat_D-frameworks.sh\"\n";
			showEnvVarsInLog = 0;
		};
/* End PBXShellScriptBuildPhase section */

/* Begin PBXSourcesBuildPhase section */
		A297B6FE1D2F8E14003C9276 /* Sources */ = {
			isa = PBXSourcesBuildPhase;
			buildActionMask = 2147483647;
			files = (
				A297B75D1D2F8E5A003C9276 /* MainTabbarController.m in Sources */,
				A21B62971D38DA1700F0E727 /* WeChatTableViewCell.m in Sources */,
				A297B7631D2F9622003C9276 /* BaseViewController.m in Sources */,
				A297B75C1D2F8E5A003C9276 /* DiscoverViewController.m in Sources */,
				A24695301D34E77D00E32C30 /* ChatDetailViewController.m in Sources */,
				A297B75B1D2F8E5A003C9276 /* MineViewController.m in Sources */,
				A2088B3E1D3C6EC200C73446 /* PublicMethod.m in Sources */,
				A21B62931D38D9BD00F0E727 /* WeChatListModel.m in Sources */,
				A297B75A1D2F8E5A003C9276 /* ContactsViewController.m in Sources */,
				A297B70A1D2F8E14003C9276 /* AppDelegate.m in Sources */,
				F5CB8B641D3F0533002663F8 /* AddFriendController.m in Sources */,
				A2C512BC1D41BB9A00D84829 /* Mp3Recorder.m in Sources */,
				A24695331D34EA7600E32C30 /* JPKeyBoardToolView.m in Sources */,
				A297B7071D2F8E14003C9276 /* main.m in Sources */,
				A297B7591D2F8E5A003C9276 /* UIView+Toast.m in Sources */,
				A2C435501D3608CF0097ECC1 /* AddMoreView.m in Sources */,
				A21B62901D3893ED00F0E727 /* FaceViewModel.m in Sources */,
				F5CF83DB1D39C3EB000CC9F5 /* LoginViewController.m in Sources */,
				A2C435531D363AB40097ECC1 /* FaceView.m in Sources */,
				A2088B421D3CA39100C73446 /* MessageTableViewCell.m in Sources */,
				A297B75E1D2F8E5A003C9276 /* WeChatViewController.m in Sources */,
				A297B7581D2F8E5A003C9276 /* UIColor+Extension.m in Sources */,
				A2088B451D3CACFA00C73446 /* MessageModel.m in Sources */,
			);
			runOnlyForDeploymentPostprocessing = 0;
		};
		A297B7171D2F8E15003C9276 /* Sources */ = {
			isa = PBXSourcesBuildPhase;
			buildActionMask = 2147483647;
			files = (
				A297B7201D2F8E15003C9276 /* WeChat_DTests.m in Sources */,
			);
			runOnlyForDeploymentPostprocessing = 0;
		};
		A297B7221D2F8E15003C9276 /* Sources */ = {
			isa = PBXSourcesBuildPhase;
			buildActionMask = 2147483647;
			files = (
				A297B72B1D2F8E15003C9276 /* WeChat_DUITests.m in Sources */,
			);
			runOnlyForDeploymentPostprocessing = 0;
		};
/* End PBXSourcesBuildPhase section */

/* Begin PBXTargetDependency section */
		A297B71D1D2F8E15003C9276 /* PBXTargetDependency */ = {
			isa = PBXTargetDependency;
			target = A297B7011D2F8E14003C9276 /* WeChat_D */;
			targetProxy = A297B71C1D2F8E15003C9276 /* PBXContainerItemProxy */;
		};
		A297B7281D2F8E15003C9276 /* PBXTargetDependency */ = {
			isa = PBXTargetDependency;
			target = A297B7011D2F8E14003C9276 /* WeChat_D */;
			targetProxy = A297B7271D2F8E15003C9276 /* PBXContainerItemProxy */;
		};
/* End PBXTargetDependency section */

/* Begin PBXVariantGroup section */
		A297B7131D2F8E14003C9276 /* LaunchScreen.storyboard */ = {
			isa = PBXVariantGroup;
			children = (
				A297B7141D2F8E14003C9276 /* Base */,
			);
			name = LaunchScreen.storyboard;
			path = ../..;
			sourceTree = "<group>";
		};
/* End PBXVariantGroup section */

/* Begin XCBuildConfiguration section */
		A297B72D1D2F8E15003C9276 /* Debug */ = {
			isa = XCBuildConfiguration;
			buildSettings = {
				ALWAYS_SEARCH_USER_PATHS = NO;
				CLANG_ANALYZER_NONNULL = YES;
				CLANG_CXX_LANGUAGE_STANDARD = "gnu++0x";
				CLANG_CXX_LIBRARY = "libc++";
				CLANG_ENABLE_MODULES = YES;
				CLANG_ENABLE_OBJC_ARC = YES;
				CLANG_WARN_BOOL_CONVERSION = YES;
				CLANG_WARN_CONSTANT_CONVERSION = YES;
				CLANG_WARN_DIRECT_OBJC_ISA_USAGE = YES_ERROR;
				CLANG_WARN_EMPTY_BODY = YES;
				CLANG_WARN_ENUM_CONVERSION = YES;
				CLANG_WARN_INT_CONVERSION = YES;
				CLANG_WARN_OBJC_ROOT_CLASS = YES_ERROR;
				CLANG_WARN_UNREACHABLE_CODE = YES;
				CLANG_WARN__DUPLICATE_METHOD_MATCH = YES;
				"CODE_SIGN_IDENTITY[sdk=iphoneos*]" = "iPhone Developer";
				COPY_PHASE_STRIP = NO;
				DEBUG_INFORMATION_FORMAT = dwarf;
				ENABLE_STRICT_OBJC_MSGSEND = YES;
				ENABLE_TESTABILITY = YES;
				GCC_C_LANGUAGE_STANDARD = gnu99;
				GCC_DYNAMIC_NO_PIC = NO;
				GCC_NO_COMMON_BLOCKS = YES;
				GCC_OPTIMIZATION_LEVEL = 0;
				GCC_PREPROCESSOR_DEFINITIONS = (
					"DEBUG=1",
					"$(inherited)",
				);
				GCC_WARN_64_TO_32_BIT_CONVERSION = YES;
				GCC_WARN_ABOUT_RETURN_TYPE = YES_ERROR;
				GCC_WARN_UNDECLARED_SELECTOR = YES;
				GCC_WARN_UNINITIALIZED_AUTOS = YES_AGGRESSIVE;
				GCC_WARN_UNUSED_FUNCTION = YES;
				GCC_WARN_UNUSED_VARIABLE = YES;
				IPHONEOS_DEPLOYMENT_TARGET = 9.3;
				MTL_ENABLE_DEBUG_INFO = YES;
				ONLY_ACTIVE_ARCH = YES;
				SDKROOT = iphoneos;
				TARGETED_DEVICE_FAMILY = "1,2";
			};
			name = Debug;
		};
		A297B72E1D2F8E15003C9276 /* Release */ = {
			isa = XCBuildConfiguration;
			buildSettings = {
				ALWAYS_SEARCH_USER_PATHS = NO;
				CLANG_ANALYZER_NONNULL = YES;
				CLANG_CXX_LANGUAGE_STANDARD = "gnu++0x";
				CLANG_CXX_LIBRARY = "libc++";
				CLANG_ENABLE_MODULES = YES;
				CLANG_ENABLE_OBJC_ARC = YES;
				CLANG_WARN_BOOL_CONVERSION = YES;
				CLANG_WARN_CONSTANT_CONVERSION = YES;
				CLANG_WARN_DIRECT_OBJC_ISA_USAGE = YES_ERROR;
				CLANG_WARN_EMPTY_BODY = YES;
				CLANG_WARN_ENUM_CONVERSION = YES;
				CLANG_WARN_INT_CONVERSION = YES;
				CLANG_WARN_OBJC_ROOT_CLASS = YES_ERROR;
				CLANG_WARN_UNREACHABLE_CODE = YES;
				CLANG_WARN__DUPLICATE_METHOD_MATCH = YES;
				"CODE_SIGN_IDENTITY[sdk=iphoneos*]" = "iPhone Developer";
				COPY_PHASE_STRIP = NO;
				DEBUG_INFORMATION_FORMAT = "dwarf-with-dsym";
				ENABLE_NS_ASSERTIONS = NO;
				ENABLE_STRICT_OBJC_MSGSEND = YES;
				GCC_C_LANGUAGE_STANDARD = gnu99;
				GCC_NO_COMMON_BLOCKS = YES;
				GCC_WARN_64_TO_32_BIT_CONVERSION = YES;
				GCC_WARN_ABOUT_RETURN_TYPE = YES_ERROR;
				GCC_WARN_UNDECLARED_SELECTOR = YES;
				GCC_WARN_UNINITIALIZED_AUTOS = YES_AGGRESSIVE;
				GCC_WARN_UNUSED_FUNCTION = YES;
				GCC_WARN_UNUSED_VARIABLE = YES;
				IPHONEOS_DEPLOYMENT_TARGET = 9.3;
				MTL_ENABLE_DEBUG_INFO = NO;
				SDKROOT = iphoneos;
				TARGETED_DEVICE_FAMILY = "1,2";
				VALIDATE_PRODUCT = YES;
			};
			name = Release;
		};
		A297B7301D2F8E15003C9276 /* Debug */ = {
			isa = XCBuildConfiguration;
			baseConfigurationReference = A9B6923DCF73CFE0F0DA477B /* Pods-WeChat_D.debug.xcconfig */;
			buildSettings = {
				ASSETCATALOG_COMPILER_APPICON_NAME = AppIcon;
				CODE_SIGN_IDENTITY = "iPhone Developer";
				"CODE_SIGN_IDENTITY[sdk=iphoneos*]" = "iPhone Developer";
				ENABLE_BITCODE = NO;
				GCC_PRECOMPILE_PREFIX_HEADER = YES;
				GCC_PREFIX_HEADER = "$(SRCROOT)/WeChat_D/PrefixHeader.pch";
				INFOPLIST_FILE = WeChat_D/Info.plist;
				LD_RUNPATH_SEARCH_PATHS = "$(inherited) @executable_path/Frameworks";
				LIBRARY_SEARCH_PATHS = (
					"$(inherited)",
					"$(PROJECT_DIR)/WeChat_D/HyphenateSDK/lib/3rdparty",
					"$(PROJECT_DIR)/WeChat_D/HyphenateSDK/lib",
					"$(PROJECT_DIR)/WeChat_D/Categories/VoiceLib",
				);
				PRODUCT_BUNDLE_IDENTIFIER = "com.dong.WeChat-D";
				PRODUCT_NAME = "$(TARGET_NAME)";
				PROVISIONING_PROFILE = "";
			};
			name = Debug;
		};
		A297B7311D2F8E15003C9276 /* Release */ = {
			isa = XCBuildConfiguration;
			baseConfigurationReference = CC02DEDA828486EE35A2D3B8 /* Pods-WeChat_D.release.xcconfig */;
			buildSettings = {
				ASSETCATALOG_COMPILER_APPICON_NAME = AppIcon;
				CODE_SIGN_IDENTITY = "iPhone Developer";
				"CODE_SIGN_IDENTITY[sdk=iphoneos*]" = "iPhone Developer";
				ENABLE_BITCODE = NO;
				GCC_PRECOMPILE_PREFIX_HEADER = YES;
				GCC_PREFIX_HEADER = "$(SRCROOT)/WeChat_D/PrefixHeader.pch";
				INFOPLIST_FILE = WeChat_D/Info.plist;
				LD_RUNPATH_SEARCH_PATHS = "$(inherited) @executable_path/Frameworks";
				LIBRARY_SEARCH_PATHS = (
					"$(inherited)",
					"$(PROJECT_DIR)/WeChat_D/HyphenateSDK/lib/3rdparty",
					"$(PROJECT_DIR)/WeChat_D/HyphenateSDK/lib",
					"$(PROJECT_DIR)/WeChat_D/Categories/VoiceLib",
				);
				PRODUCT_BUNDLE_IDENTIFIER = "com.dong.WeChat-D";
				PRODUCT_NAME = "$(TARGET_NAME)";
				PROVISIONING_PROFILE = "";
			};
			name = Release;
		};
		A297B7331D2F8E15003C9276 /* Debug */ = {
			isa = XCBuildConfiguration;
			buildSettings = {
				BUNDLE_LOADER = "$(TEST_HOST)";
				INFOPLIST_FILE = WeChat_DTests/Info.plist;
				LD_RUNPATH_SEARCH_PATHS = "$(inherited) @executable_path/Frameworks @loader_path/Frameworks";
				PRODUCT_BUNDLE_IDENTIFIER = "com.dong.WeChat-DTests";
				PRODUCT_NAME = "$(TARGET_NAME)";
				TEST_HOST = "$(BUILT_PRODUCTS_DIR)/WeChat_D.app/WeChat_D";
			};
			name = Debug;
		};
		A297B7341D2F8E15003C9276 /* Release */ = {
			isa = XCBuildConfiguration;
			buildSettings = {
				BUNDLE_LOADER = "$(TEST_HOST)";
				INFOPLIST_FILE = WeChat_DTests/Info.plist;
				LD_RUNPATH_SEARCH_PATHS = "$(inherited) @executable_path/Frameworks @loader_path/Frameworks";
				PRODUCT_BUNDLE_IDENTIFIER = "com.dong.WeChat-DTests";
				PRODUCT_NAME = "$(TARGET_NAME)";
				TEST_HOST = "$(BUILT_PRODUCTS_DIR)/WeChat_D.app/WeChat_D";
			};
			name = Release;
		};
		A297B7361D2F8E15003C9276 /* Debug */ = {
			isa = XCBuildConfiguration;
			buildSettings = {
				INFOPLIST_FILE = WeChat_DUITests/Info.plist;
				LD_RUNPATH_SEARCH_PATHS = "$(inherited) @executable_path/Frameworks @loader_path/Frameworks";
				PRODUCT_BUNDLE_IDENTIFIER = "com.dong.WeChat-DUITests";
				PRODUCT_NAME = "$(TARGET_NAME)";
				TEST_TARGET_NAME = WeChat_D;
			};
			name = Debug;
		};
		A297B7371D2F8E15003C9276 /* Release */ = {
			isa = XCBuildConfiguration;
			buildSettings = {
				INFOPLIST_FILE = WeChat_DUITests/Info.plist;
				LD_RUNPATH_SEARCH_PATHS = "$(inherited) @executable_path/Frameworks @loader_path/Frameworks";
				PRODUCT_BUNDLE_IDENTIFIER = "com.dong.WeChat-DUITests";
				PRODUCT_NAME = "$(TARGET_NAME)";
				TEST_TARGET_NAME = WeChat_D;
			};
			name = Release;
		};
/* End XCBuildConfiguration section */

/* Begin XCConfigurationList section */
		A297B6FD1D2F8E14003C9276 /* Build configuration list for PBXProject "WeChat_D" */ = {
			isa = XCConfigurationList;
			buildConfigurations = (
				A297B72D1D2F8E15003C9276 /* Debug */,
				A297B72E1D2F8E15003C9276 /* Release */,
			);
			defaultConfigurationIsVisible = 0;
			defaultConfigurationName = Release;
		};
		A297B72F1D2F8E15003C9276 /* Build configuration list for PBXNativeTarget "WeChat_D" */ = {
			isa = XCConfigurationList;
			buildConfigurations = (
				A297B7301D2F8E15003C9276 /* Debug */,
				A297B7311D2F8E15003C9276 /* Release */,
			);
			defaultConfigurationIsVisible = 0;
			defaultConfigurationName = Release;
		};
		A297B7321D2F8E15003C9276 /* Build configuration list for PBXNativeTarget "WeChat_DTests" */ = {
			isa = XCConfigurationList;
			buildConfigurations = (
				A297B7331D2F8E15003C9276 /* Debug */,
				A297B7341D2F8E15003C9276 /* Release */,
			);
			defaultConfigurationIsVisible = 0;
			defaultConfigurationName = Release;
		};
		A297B7351D2F8E15003C9276 /* Build configuration list for PBXNativeTarget "WeChat_DUITests" */ = {
			isa = XCConfigurationList;
			buildConfigurations = (
				A297B7361D2F8E15003C9276 /* Debug */,
				A297B7371D2F8E15003C9276 /* Release */,
			);
			defaultConfigurationIsVisible = 0;
			defaultConfigurationName = Release;
		};
/* End XCConfigurationList section */
	};
	rootObject = A297B6FA1D2F8E14003C9276 /* Project object */;
}
